
Microsoft Visual Studio Solution File, Format Version 12.00
# Visual Studio Version 16
VisualStudioVersion = 16.0.32510.428
MinimumVisualStudioVersion = 10.0.40219.1
Project("{9A19103F-16F7-4668-BE54-9A1E7A4F7556}") = "MarketPlacesApi", "MarketPlacesApi\MarketPlacesApi.csproj", "{4D340EF7-C51E-4156-A0A9-59F7C921FAAB}"
	ProjectSection(ProjectDependencies) = postProject
		{7FCFB9CD-24F7-4CBA-A342-6F409C5B015F} = {7FCFB9CD-24F7-4CBA-A342-6F409C5B015F}
		{3546A2E5-586A-4905-8E1F-65991EC426E5} = {3546A2E5-586A-4905-8E1F-65991EC426E5}
	EndProjectSection
EndProject
Project("{FAE04EC0-301F-11D3-BF4B-00C04F79EFBC}") = "MarketPlaces.Data", "MarketPlaces.Data\MarketPlaces.Data.csproj", "{7FCFB9CD-24F7-4CBA-A342-6F409C5B015F}"
EndProject
Project("{FAE04EC0-301F-11D3-BF4B-00C04F79EFBC}") = "MarketPlaces.Entity", "MarketPlaces.Entity\MarketPlaces.Entity.csproj", "{3546A2E5-586A-4905-8E1F-65991EC426E5}"
EndProject
Global
	GlobalSection(SolutionConfigurationPlatforms) = preSolution
		Debug|Any CPU = Debug|Any CPU
		Release|Any CPU = Release|Any CPU
	EndGlobalSection
	GlobalSection(ProjectConfigurationPlatforms) = postSolution
		{4D340EF7-C51E-4156-A0A9-59F7C921FAAB}.Debug|Any CPU.ActiveCfg = Debug|Any CPU
		{4D340EF7-C51E-4156-A0A9-59F7C921FAAB}.Debug|Any CPU.Build.0 = Debug|Any CPU
		{4D340EF7-C51E-4156-A0A9-59F7C921FAAB}.Release|Any CPU.ActiveCfg = Release|Any CPU
		{4D340EF7-C51E-4156-A0A9-59F7C921FAAB}.Release|Any CPU.Build.0 = Release|Any CPU
		{7FCFB9CD-24F7-4CBA-A342-6F409C5B015F}.Debug|Any CPU.ActiveCfg = Debug|Any CPU
		{7FCFB9CD-24F7-4CBA-A342-6F409C5B015F}.Debug|Any CPU.Build.0 = Debug|Any CPU
		{7FCFB9CD-24F7-4CBA-A342-6F409C5B015F}.Release|Any CPU.ActiveCfg = Release|Any CPU
		{7FCFB9CD-24F7-4CBA-A342-6F409C5B015F}.Release|Any CPU.Build.0 = Release|Any CPU
		{3546A2E5-586A-4905-8E1F-65991EC426E5}.Debug|Any CPU.ActiveCfg = Debug|Any CPU
		{3546A2E5-586A-4905-8E1F-65991EC426E5}.Debug|Any CPU.Build.0 = Debug|Any CPU
		{3546A2E5-586A-4905-8E1F-65991EC426E5}.Release|Any CPU.ActiveCfg = Release|Any CPU
		{3546A2E5-586A-4905-8E1F-65991EC426E5}.Release|Any CPU.Build.0 = Release|Any CPU
	EndGlobalSection
	GlobalSection(SolutionProperties) = preSolution
		HideSolutionNode = FALSE
	EndGlobalSection
	GlobalSection(ExtensibilityGlobals) = postSolution
		SolutionGuid = {386D1E33-22E5-4A00-B2B0-09D94A1E0B0E}
	EndGlobalSection
EndGlobal
